// !$*UTF8*$!
{
	archiveVersion = 1;
	classes = {
	};
	objectVersion = 55;
	objects = {

/* Begin PBXBuildFile section */
		3F7D75B22824802B002D295E /* WakeUpAlarmApp.swift in Sources */ = {isa = PBXBuildFile; fileRef = 3F7D75B12824802B002D295E /* WakeUpAlarmApp.swift */; };
		3F7D75B42824802B002D295E /* ContentView.swift in Sources */ = {isa = PBXBuildFile; fileRef = 3F7D75B32824802B002D295E /* ContentView.swift */; };
		3F7D75B62824802B002D295E /* Assets.xcassets in Resources */ = {isa = PBXBuildFile; fileRef = 3F7D75B52824802B002D295E /* Assets.xcassets */; };
		3F7D75B92824802B002D295E /* Preview Assets.xcassets in Resources */ = {isa = PBXBuildFile; fileRef = 3F7D75B82824802B002D295E /* Preview Assets.xcassets */; };
		3F7D75C32824802B002D295E /* WakeUpAlarmTests.swift in Sources */ = {isa = PBXBuildFile; fileRef = 3F7D75C22824802B002D295E /* WakeUpAlarmTests.swift */; };
		3F7D75CD2824802B002D295E /* WakeUpAlarmUITests.swift in Sources */ = {isa = PBXBuildFile; fileRef = 3F7D75CC2824802B002D295E /* WakeUpAlarmUITests.swift */; };
		3F7D75CF2824802B002D295E /* WakeUpAlarmUITestsLaunchTests.swift in Sources */ = {isa = PBXBuildFile; fileRef = 3F7D75CE2824802B002D295E /* WakeUpAlarmUITestsLaunchTests.swift */; };
		3F7D75DE282486CC002D295E /* HomeView.swift in Sources */ = {isa = PBXBuildFile; fileRef = 3F7D75DD282486CC002D295E /* HomeView.swift */; };
		3F7D75E0282486DC002D295E /* SettingsView.swift in Sources */ = {isa = PBXBuildFile; fileRef = 3F7D75DF282486DC002D295E /* SettingsView.swift */; };
		CBF895DE28318C410075F289 /* Alarm.swift in Sources */ = {isa = PBXBuildFile; fileRef = CBF895DD28318C410075F289 /* Alarm.swift */; };
		CBF895E3283196120075F289 /* HomeViewWakeUpTimeEditView.swift in Sources */ = {isa = PBXBuildFile; fileRef = CBF895E2283196120075F289 /* HomeViewWakeUpTimeEditView.swift */; };
/* End PBXBuildFile section */

/* Begin PBXContainerItemProxy section */
		3F7D75BF2824802B002D295E /* PBXContainerItemProxy */ = {
			isa = PBXContainerItemProxy;
			containerPortal = 3F7D75A62824802B002D295E /* Project object */;
			proxyType = 1;
			remoteGlobalIDString = 3F7D75AD2824802B002D295E;
			remoteInfo = WakeUpAlarm;
		};
		3F7D75C92824802B002D295E /* PBXContainerItemProxy */ = {
			isa = PBXContainerItemProxy;
			containerPortal = 3F7D75A62824802B002D295E /* Project object */;
			proxyType = 1;
			remoteGlobalIDString = 3F7D75AD2824802B002D295E;
			remoteInfo = WakeUpAlarm;
		};
/* End PBXContainerItemProxy section */

/* Begin PBXFileReference section */
		3F7D75AE2824802B002D295E /* WakeUpAlarm.app */ = {isa = PBXFileReference; explicitFileType = wrapper.application; includeInIndex = 0; path = WakeUpAlarm.app; sourceTree = BUILT_PRODUCTS_DIR; };
		3F7D75B12824802B002D295E /* WakeUpAlarmApp.swift */ = {isa = PBXFileReference; lastKnownFileType = sourcecode.swift; path = WakeUpAlarmApp.swift; sourceTree = "<group>"; };
		3F7D75B32824802B002D295E /* ContentView.swift */ = {isa = PBXFileReference; lastKnownFileType = sourcecode.swift; path = ContentView.swift; sourceTree = "<group>"; };
		3F7D75B52824802B002D295E /* Assets.xcassets */ = {isa = PBXFileReference; lastKnownFileType = folder.assetcatalog; path = Assets.xcassets; sourceTree = "<group>"; };
		3F7D75B82824802B002D295E /* Preview Assets.xcassets */ = {isa = PBXFileReference; lastKnownFileType = folder.assetcatalog; path = "Preview Assets.xcassets"; sourceTree = "<group>"; };
		3F7D75BE2824802B002D295E /* WakeUpAlarmTests.xctest */ = {isa = PBXFileReference; explicitFileType = wrapper.cfbundle; includeInIndex = 0; path = WakeUpAlarmTests.xctest; sourceTree = BUILT_PRODUCTS_DIR; };
		3F7D75C22824802B002D295E /* WakeUpAlarmTests.swift */ = {isa = PBXFileReference; lastKnownFileType = sourcecode.swift; path = WakeUpAlarmTests.swift; sourceTree = "<group>"; };
		3F7D75C82824802B002D295E /* WakeUpAlarmUITests.xctest */ = {isa = PBXFileReference; explicitFileType = wrapper.cfbundle; includeInIndex = 0; path = WakeUpAlarmUITests.xctest; sourceTree = BUILT_PRODUCTS_DIR; };
		3F7D75CC2824802B002D295E /* WakeUpAlarmUITests.swift */ = {isa = PBXFileReference; lastKnownFileType = sourcecode.swift; path = WakeUpAlarmUITests.swift; sourceTree = "<group>"; };
		3F7D75CE2824802B002D295E /* WakeUpAlarmUITestsLaunchTests.swift */ = {isa = PBXFileReference; lastKnownFileType = sourcecode.swift; path = WakeUpAlarmUITestsLaunchTests.swift; sourceTree = "<group>"; };
		3F7D75DD282486CC002D295E /* HomeView.swift */ = {isa = PBXFileReference; lastKnownFileType = sourcecode.swift; path = HomeView.swift; sourceTree = "<group>"; };
		3F7D75DF282486DC002D295E /* SettingsView.swift */ = {isa = PBXFileReference; lastKnownFileType = sourcecode.swift; path = SettingsView.swift; sourceTree = "<group>"; };
		CBF895DD28318C410075F289 /* Alarm.swift */ = {isa = PBXFileReference; lastKnownFileType = sourcecode.swift; path = Alarm.swift; sourceTree = "<group>"; };
		CBF895E2283196120075F289 /* HomeViewWakeUpTimeEditView.swift */ = {isa = PBXFileReference; lastKnownFileType = sourcecode.swift; path = HomeViewWakeUpTimeEditView.swift; sourceTree = "<group>"; };
/* End PBXFileReference section */

/* Begin PBXFrameworksBuildPhase section */
		3F7D75AB2824802B002D295E /* Frameworks */ = {
			isa = PBXFrameworksBuildPhase;
			buildActionMask = 2147483647;
			files = (
			);
			runOnlyForDeploymentPostprocessing = 0;
		};
		3F7D75BB2824802B002D295E /* Frameworks */ = {
			isa = PBXFrameworksBuildPhase;
			buildActionMask = 2147483647;
			files = (
			);
			runOnlyForDeploymentPostprocessing = 0;
		};
		3F7D75C52824802B002D295E /* Frameworks */ = {
			isa = PBXFrameworksBuildPhase;
			buildActionMask = 2147483647;
			files = (
			);
			runOnlyForDeploymentPostprocessing = 0;
		};
/* End PBXFrameworksBuildPhase section */

/* Begin PBXGroup section */
		3F7D75A52824802B002D295E = {
			isa = PBXGroup;
			children = (
				3F7D75B02824802B002D295E /* WakeUpAlarm */,
				3F7D75C12824802B002D295E /* WakeUpAlarmTests */,
				3F7D75CB2824802B002D295E /* WakeUpAlarmUITests */,
				3F7D75AF2824802B002D295E /* Products */,
			);
			sourceTree = "<group>";
		};
		3F7D75AF2824802B002D295E /* Products */ = {
			isa = PBXGroup;
			children = (
				3F7D75AE2824802B002D295E /* WakeUpAlarm.app */,
				3F7D75BE2824802B002D295E /* WakeUpAlarmTests.xctest */,
				3F7D75C82824802B002D295E /* WakeUpAlarmUITests.xctest */,
			);
			name = Products;
			sourceTree = "<group>";
		};
		3F7D75B02824802B002D295E /* WakeUpAlarm */ = {
			isa = PBXGroup;
			children = (
				3F7D75B12824802B002D295E /* WakeUpAlarmApp.swift */,
				CBF895DF28318FDC0075F289 /* Models */,
				3F7D75B32824802B002D295E /* ContentView.swift */,
				3F7D75B52824802B002D295E /* Assets.xcassets */,
				3F7D75B72824802B002D295E /* Preview Content */,
				3F7D75DD282486CC002D295E /* HomeView.swift */,
				CBF895E2283196120075F289 /* HomeViewWakeUpTimeEditView.swift */,
				3F7D75DF282486DC002D295E /* SettingsView.swift */,
			);
			path = WakeUpAlarm;
			sourceTree = "<group>";
		};
		3F7D75B72824802B002D295E /* Preview Content */ = {
			isa = PBXGroup;
			children = (
				3F7D75B82824802B002D295E /* Preview Assets.xcassets */,
			);
			path = "Preview Content";
			sourceTree = "<group>";
		};
		3F7D75C12824802B002D295E /* WakeUpAlarmTests */ = {
			isa = PBXGroup;
			children = (
				3F7D75C22824802B002D295E /* WakeUpAlarmTests.swift */,
			);
			path = WakeUpAlarmTests;
			sourceTree = "<group>";
		};
		3F7D75CB2824802B002D295E /* WakeUpAlarmUITests */ = {
			isa = PBXGroup;
			children = (
				3F7D75CC2824802B002D295E /* WakeUpAlarmUITests.swift */,
				3F7D75CE2824802B002D295E /* WakeUpAlarmUITestsLaunchTests.swift */,
			);
			path = WakeUpAlarmUITests;
			sourceTree = "<group>";
		};
		CBF895DF28318FDC0075F289 /* Models */ = {
			isa = PBXGroup;
			children = (
				CBF895DD28318C410075F289 /* Alarm.swift */,
			);
			path = Models;
			sourceTree = "<group>";
		};
/* End PBXGroup section */

/* Begin PBXNativeTarget section */
		3F7D75AD2824802B002D295E /* WakeUpAlarm */ = {
			isa = PBXNativeTarget;
			buildConfigurationList = 3F7D75D22824802B002D295E /* Build configuration list for PBXNativeTarget "WakeUpAlarm" */;
			buildPhases = (
				3F7D75AA2824802B002D295E /* Sources */,
				3F7D75AB2824802B002D295E /* Frameworks */,
				3F7D75AC2824802B002D295E /* Resources */,
			);
			buildRules = (
			);
			dependencies = (
			);
			name = WakeUpAlarm;
			productName = WakeUpAlarm;
			productReference = 3F7D75AE2824802B002D295E /* WakeUpAlarm.app */;
			productType = "com.apple.product-type.application";
		};
		3F7D75BD2824802B002D295E /* WakeUpAlarmTests */ = {
			isa = PBXNativeTarget;
			buildConfigurationList = 3F7D75D52824802B002D295E /* Build configuration list for PBXNativeTarget "WakeUpAlarmTests" */;
			buildPhases = (
				3F7D75BA2824802B002D295E /* Sources */,
				3F7D75BB2824802B002D295E /* Frameworks */,
				3F7D75BC2824802B002D295E /* Resources */,
			);
			buildRules = (
			);
			dependencies = (
				3F7D75C02824802B002D295E /* PBXTargetDependency */,
			);
			name = WakeUpAlarmTests;
			productName = WakeUpAlarmTests;
			productReference = 3F7D75BE2824802B002D295E /* WakeUpAlarmTests.xctest */;
			productType = "com.apple.product-type.bundle.unit-test";
		};
		3F7D75C72824802B002D295E /* WakeUpAlarmUITests */ = {
			isa = PBXNativeTarget;
			buildConfigurationList = 3F7D75D82824802B002D295E /* Build configuration list for PBXNativeTarget "WakeUpAlarmUITests" */;
			buildPhases = (
				3F7D75C42824802B002D295E /* Sources */,
				3F7D75C52824802B002D295E /* Frameworks */,
				3F7D75C62824802B002D295E /* Resources */,
			);
			buildRules = (
			);
			dependencies = (
				3F7D75CA2824802B002D295E /* PBXTargetDependency */,
			);
			name = WakeUpAlarmUITests;
			productName = WakeUpAlarmUITests;
			productReference = 3F7D75C82824802B002D295E /* WakeUpAlarmUITests.xctest */;
			productType = "com.apple.product-type.bundle.ui-testing";
		};
/* End PBXNativeTarget section */

/* Begin PBXProject section */
		3F7D75A62824802B002D295E /* Project object */ = {
			isa = PBXProject;
			attributes = {
				BuildIndependentTargetsInParallel = 1;
				LastSwiftUpdateCheck = 1330;
				LastUpgradeCheck = 1330;
				TargetAttributes = {
					3F7D75AD2824802B002D295E = {
						CreatedOnToolsVersion = 13.3.1;
					};
					3F7D75BD2824802B002D295E = {
						CreatedOnToolsVersion = 13.3.1;
						TestTargetID = 3F7D75AD2824802B002D295E;
					};
					3F7D75C72824802B002D295E = {
						CreatedOnToolsVersion = 13.3.1;
						TestTargetID = 3F7D75AD2824802B002D295E;
					};
				};
			};
			buildConfigurationList = 3F7D75A92824802B002D295E /* Build configuration list for PBXProject "WakeUpAlarm" */;
			compatibilityVersion = "Xcode 13.0";
			developmentRegion = en;
			hasScannedForEncodings = 0;
			knownRegions = (
				en,
				Base,
			);
			mainGroup = 3F7D75A52824802B002D295E;
			productRefGroup = 3F7D75AF2824802B002D295E /* Products */;
			projectDirPath = "";
			projectRoot = "";
			targets = (
				3F7D75AD2824802B002D295E /* WakeUpAlarm */,
				3F7D75BD2824802B002D295E /* WakeUpAlarmTests */,
				3F7D75C72824802B002D295E /* WakeUpAlarmUITests */,
			);
		};
/* End PBXProject section */

/* Begin PBXResourcesBuildPhase section */
		3F7D75AC2824802B002D295E /* Resources */ = {
			isa = PBXResourcesBuildPhase;
			buildActionMask = 2147483647;
			files = (
				3F7D75B92824802B002D295E /* Preview Assets.xcassets in Resources */,
				3F7D75B62824802B002D295E /* Assets.xcassets in Resources */,
			);
			runOnlyForDeploymentPostprocessing = 0;
		};
		3F7D75BC2824802B002D295E /* Resources */ = {
			isa = PBXResourcesBuildPhase;
			buildActionMask = 2147483647;
			files = (
			);
			runOnlyForDeploymentPostprocessing = 0;
		};
		3F7D75C62824802B002D295E /* Resources */ = {
			isa = PBXResourcesBuildPhase;
			buildActionMask = 2147483647;
			files = (
			);
			runOnlyForDeploymentPostprocessing = 0;
		};
/* End PBXResourcesBuildPhase section */

/* Begin PBXSourcesBuildPhase section */
		3F7D75AA2824802B002D295E /* Sources */ = {
			isa = PBXSourcesBuildPhase;
			buildActionMask = 2147483647;
			files = (
				CBF895E3283196120075F289 /* HomeViewWakeUpTimeEditView.swift in Sources */,
				3F7D75E0282486DC002D295E /* SettingsView.swift in Sources */,
				3F7D75DE282486CC002D295E /* HomeView.swift in Sources */,
				CBF895DE28318C410075F289 /* Alarm.swift in Sources */,
				3F7D75B42824802B002D295E /* ContentView.swift in Sources */,
				3F7D75B22824802B002D295E /* WakeUpAlarmApp.swift in Sources */,
			);
			runOnlyForDeploymentPostprocessing = 0;
		};
		3F7D75BA2824802B002D295E /* Sources */ = {
			isa = PBXSourcesBuildPhase;
			buildActionMask = 2147483647;
			files = (
				3F7D75C32824802B002D295E /* WakeUpAlarmTests.swift in Sources */,
			);
			runOnlyForDeploymentPostprocessing = 0;
		};
		3F7D75C42824802B002D295E /* Sources */ = {
			isa = PBXSourcesBuildPhase;
			buildActionMask = 2147483647;
			files = (
				3F7D75CD2824802B002D295E /* WakeUpAlarmUITests.swift in Sources */,
				3F7D75CF2824802B002D295E /* WakeUpAlarmUITestsLaunchTests.swift in Sources */,
			);
			runOnlyForDeploymentPostprocessing = 0;
		};
/* End PBXSourcesBuildPhase section */

/* Begin PBXTargetDependency section */
		3F7D75C02824802B002D295E /* PBXTargetDependency */ = {
			isa = PBXTargetDependency;
			target = 3F7D75AD2824802B002D295E /* WakeUpAlarm */;
			targetProxy = 3F7D75BF2824802B002D295E /* PBXContainerItemProxy */;
		};
		3F7D75CA2824802B002D295E /* PBXTargetDependency */ = {
			isa = PBXTargetDependency;
			target = 3F7D75AD2824802B002D295E /* WakeUpAlarm */;
			targetProxy = 3F7D75C92824802B002D295E /* PBXContainerItemProxy */;
		};
/* End PBXTargetDependency section */

/* Begin XCBuildConfiguration section */
		3F7D75D02824802B002D295E /* Debug */ = {
			isa = XCBuildConfiguration;
			buildSettings = {
				ALWAYS_SEARCH_USER_PATHS = NO;
				CLANG_ANALYZER_NONNULL = YES;
				CLANG_ANALYZER_NUMBER_OBJECT_CONVERSION = YES_AGGRESSIVE;
				CLANG_CXX_LANGUAGE_STANDARD = "gnu++17";
				CLANG_ENABLE_MODULES = YES;
				CLANG_ENABLE_OBJC_ARC = YES;
				CLANG_ENABLE_OBJC_WEAK = YES;
				CLANG_WARN_BLOCK_CAPTURE_AUTORELEASING = YES;
				CLANG_WARN_BOOL_CONVERSION = YES;
				CLANG_WARN_COMMA = YES;
				CLANG_WARN_CONSTANT_CONVERSION = YES;
				CLANG_WARN_DEPRECATED_OBJC_IMPLEMENTATIONS = YES;
				CLANG_WARN_DIRECT_OBJC_ISA_USAGE = YES_ERROR;
				CLANG_WARN_DOCUMENTATION_COMMENTS = YES;
				CLANG_WARN_EMPTY_BODY = YES;
				CLANG_WARN_ENUM_CONVERSION = YES;
				CLANG_WARN_INFINITE_RECURSION = YES;
				CLANG_WARN_INT_CONVERSION = YES;
				CLANG_WARN_NON_LITERAL_NULL_CONVERSION = YES;
				CLANG_WARN_OBJC_IMPLICIT_RETAIN_SELF = YES;
				CLANG_WARN_OBJC_LITERAL_CONVERSION = YES;
				CLANG_WARN_OBJC_ROOT_CLASS = YES_ERROR;
				CLANG_WARN_QUOTED_INCLUDE_IN_FRAMEWORK_HEADER = YES;
				CLANG_WARN_RANGE_LOOP_ANALYSIS = YES;
				CLANG_WARN_STRICT_PROTOTYPES = YES;
				CLANG_WARN_SUSPICIOUS_MOVE = YES;
				CLANG_WARN_UNGUARDED_AVAILABILITY = YES_AGGRESSIVE;
				CLANG_WARN_UNREACHABLE_CODE = YES;
				CLANG_WARN__DUPLICATE_METHOD_MATCH = YES;
				COPY_PHASE_STRIP = NO;
				DEBUG_INFORMATION_FORMAT = dwarf;
				ENABLE_STRICT_OBJC_MSGSEND = YES;
				ENABLE_TESTABILITY = YES;
				GCC_C_LANGUAGE_STANDARD = gnu11;
				GCC_DYNAMIC_NO_PIC = NO;
				GCC_NO_COMMON_BLOCKS = YES;
				GCC_OPTIMIZATION_LEVEL = 0;
				GCC_PREPROCESSOR_DEFINITIONS = (
					"DEBUG=1",
					"$(inherited)",
				);
				GCC_WARN_64_TO_32_BIT_CONVERSION = YES;
				GCC_WARN_ABOUT_RETURN_TYPE = YES_ERROR;
				GCC_WARN_UNDECLARED_SELECTOR = YES;
				GCC_WARN_UNINITIALIZED_AUTOS = YES_AGGRESSIVE;
				GCC_WARN_UNUSED_FUNCTION = YES;
				GCC_WARN_UNUSED_VARIABLE = YES;
				IPHONEOS_DEPLOYMENT_TARGET = 15.4;
				MTL_ENABLE_DEBUG_INFO = INCLUDE_SOURCE;
				MTL_FAST_MATH = YES;
				ONLY_ACTIVE_ARCH = YES;
				SDKROOT = iphoneos;
				SWIFT_ACTIVE_COMPILATION_CONDITIONS = DEBUG;
				SWIFT_OPTIMIZATION_LEVEL = "-Onone";
			};
			name = Debug;
		};
		3F7D75D12824802B002D295E /* Release */ = {
			isa = XCBuildConfiguration;
			buildSettings = {
				ALWAYS_SEARCH_USER_PATHS = NO;
				CLANG_ANALYZER_NONNULL = YES;
				CLANG_ANALYZER_NUMBER_OBJECT_CONVERSION = YES_AGGRESSIVE;
				CLANG_CXX_LANGUAGE_STANDARD = "gnu++17";
				CLANG_ENABLE_MODULES = YES;
				CLANG_ENABLE_OBJC_ARC = YES;
				CLANG_ENABLE_OBJC_WEAK = YES;
				CLANG_WARN_BLOCK_CAPTURE_AUTORELEASING = YES;
				CLANG_WARN_BOOL_CONVERSION = YES;
				CLANG_WARN_COMMA = YES;
				CLANG_WARN_CONSTANT_CONVERSION = YES;
				CLANG_WARN_DEPRECATED_OBJC_IMPLEMENTATIONS = YES;
				CLANG_WARN_DIRECT_OBJC_ISA_USAGE = YES_ERROR;
				CLANG_WARN_DOCUMENTATION_COMMENTS = YES;
				CLANG_WARN_EMPTY_BODY = YES;
				CLANG_WARN_ENUM_CONVERSION = YES;
				CLANG_WARN_INFINITE_RECURSION = YES;
				CLANG_WARN_INT_CONVERSION = YES;
				CLANG_WARN_NON_LITERAL_NULL_CONVERSION = YES;
				CLANG_WARN_OBJC_IMPLICIT_RETAIN_SELF = YES;
				CLANG_WARN_OBJC_LITERAL_CONVERSION = YES;
				CLANG_WARN_OBJC_ROOT_CLASS = YES_ERROR;
				CLANG_WARN_QUOTED_INCLUDE_IN_FRAMEWORK_HEADER = YES;
				CLANG_WARN_RANGE_LOOP_ANALYSIS = YES;
				CLANG_WARN_STRICT_PROTOTYPES = YES;
				CLANG_WARN_SUSPICIOUS_MOVE = YES;
				CLANG_WARN_UNGUARDED_AVAILABILITY = YES_AGGRESSIVE;
				CLANG_WARN_UNREACHABLE_CODE = YES;
				CLANG_WARN__DUPLICATE_METHOD_MATCH = YES;
				COPY_PHASE_STRIP = NO;
				DEBUG_INFORMATION_FORMAT = "dwarf-with-dsym";
				ENABLE_NS_ASSERTIONS = NO;
				ENABLE_STRICT_OBJC_MSGSEND = YES;
				GCC_C_LANGUAGE_STANDARD = gnu11;
				GCC_NO_COMMON_BLOCKS = YES;
				GCC_WARN_64_TO_32_BIT_CONVERSION = YES;
				GCC_WARN_ABOUT_RETURN_TYPE = YES_ERROR;
				GCC_WARN_UNDECLARED_SELECTOR = YES;
				GCC_WARN_UNINITIALIZED_AUTOS = YES_AGGRESSIVE;
				GCC_WARN_UNUSED_FUNCTION = YES;
				GCC_WARN_UNUSED_VARIABLE = YES;
				IPHONEOS_DEPLOYMENT_TARGET = 15.4;
				MTL_ENABLE_DEBUG_INFO = NO;
				MTL_FAST_MATH = YES;
				SDKROOT = iphoneos;
				SWIFT_COMPILATION_MODE = wholemodule;
				SWIFT_OPTIMIZATION_LEVEL = "-O";
				VALIDATE_PRODUCT = YES;
			};
			name = Release;
		};
		3F7D75D32824802B002D295E /* Debug */ = {
			isa = XCBuildConfiguration;
			buildSettings = {
				ASSETCATALOG_COMPILER_APPICON_NAME = AppIcon;
				ASSETCATALOG_COMPILER_GLOBAL_ACCENT_COLOR_NAME = AccentColor;
				CODE_SIGN_STYLE = Automatic;
				CURRENT_PROJECT_VERSION = 1;
				DEVELOPMENT_ASSET_PATHS = "\"WakeUpAlarm/Preview Content\"";
				ENABLE_PREVIEWS = YES;
				GENERATE_INFOPLIST_FILE = YES;
				INFOPLIST_KEY_UIApplicationSceneManifest_Generation = YES;
				INFOPLIST_KEY_UIApplicationSupportsIndirectInputEvents = YES;
				INFOPLIST_KEY_UILaunchScreen_Generation = YES;
				INFOPLIST_KEY_UISupportedInterfaceOrientations_iPad = "UIInterfaceOrientationPortrait UIInterfaceOrientationPortraitUpsideDown UIInterfaceOrientationLandscapeLeft UIInterfaceOrientationLandscapeRight";
				INFOPLIST_KEY_UISupportedInterfaceOrientations_iPhone = "UIInterfaceOrientationPortrait UIInterfaceOrientationLandscapeLeft UIInterfaceOrientationLandscapeRight";
				LD_RUNPATH_SEARCH_PATHS = (
					"$(inherited)",
					"@executable_path/Frameworks",
				);
				MARKETING_VERSION = 1.0;
				PRODUCT_BUNDLE_IDENTIFIER = stanford.torres.gustavo.WakeUpAlarm;
				PRODUCT_NAME = "$(TARGET_NAME)";
				SWIFT_EMIT_LOC_STRINGS = YES;
				SWIFT_VERSION = 5.0;
				TARGETED_DEVICE_FAMILY = "1,2";
			};
			name = Debug;
		};
		3F7D75D42824802B002D295E /* Release */ = {
			isa = XCBuildConfiguration;
			buildSettings = {
				ASSETCATALOG_COMPILER_APPICON_NAME = AppIcon;
				ASSETCATALOG_COMPILER_GLOBAL_ACCENT_COLOR_NAME = AccentColor;
				CODE_SIGN_STYLE = Automatic;
				CURRENT_PROJECT_VERSION = 1;
				DEVELOPMENT_ASSET_PATHS = "\"WakeUpAlarm/Preview Content\"";
				ENABLE_PREVIEWS = YES;
				GENERATE_INFOPLIST_FILE = YES;
				INFOPLIST_KEY_UIApplicationSceneManifest_Generation = YES;
				INFOPLIST_KEY_UIApplicationSupportsIndirectInputEvents = YES;
				INFOPLIST_KEY_UILaunchScreen_Generation = YES;
				INFOPLIST_KEY_UISupportedInterfaceOrientations_iPad = "UIInterfaceOrientationPortrait UIInterfaceOrientationPortraitUpsideDown UIInterfaceOrientationLandscapeLeft UIInterfaceOrientationLandscapeRight";
				INFOPLIST_KEY_UISupportedInterfaceOrientations_iPhone = "UIInterfaceOrientationPortrait UIInterfaceOrientationLandscapeLeft UIInterfaceOrientationLandscapeRight";
				LD_RUNPATH_SEARCH_PATHS = (
					"$(inherited)",
					"@executable_path/Frameworks",
				);
				MARKETING_VERSION = 1.0;
				PRODUCT_BUNDLE_IDENTIFIER = stanford.torres.gustavo.WakeUpAlarm;
				PRODUCT_NAME = "$(TARGET_NAME)";
				SWIFT_EMIT_LOC_STRINGS = YES;
				SWIFT_VERSION = 5.0;
				TARGETED_DEVICE_FAMILY = "1,2";
			};
			name = Release;
		};
		3F7D75D62824802B002D295E /* Debug */ = {
			isa = XCBuildConfiguration;
			buildSettings = {
				ALWAYS_EMBED_SWIFT_STANDARD_LIBRARIES = YES;
				BUNDLE_LOADER = "$(TEST_HOST)";
				CODE_SIGN_STYLE = Automatic;
				CURRENT_PROJECT_VERSION = 1;
				GENERATE_INFOPLIST_FILE = YES;
				IPHONEOS_DEPLOYMENT_TARGET = 15.4;
				MARKETING_VERSION = 1.0;
				PRODUCT_BUNDLE_IDENTIFIER = stanford.torres.gustavo.WakeUpAlarmTests;
				PRODUCT_NAME = "$(TARGET_NAME)";
				SWIFT_EMIT_LOC_STRINGS = NO;
				SWIFT_VERSION = 5.0;
				TARGETED_DEVICE_FAMILY = "1,2";
				TEST_HOST = "$(BUILT_PRODUCTS_DIR)/WakeUpAlarm.app/WakeUpAlarm";
			};
			name = Debug;
		};
		3F7D75D72824802B002D295E /* Release */ = {
			isa = XCBuildConfiguration;
			buildSettings = {
				ALWAYS_EMBED_SWIFT_STANDARD_LIBRARIES = YES;
				BUNDLE_LOADER = "$(TEST_HOST)";
				CODE_SIGN_STYLE = Automatic;
				CURRENT_PROJECT_VERSION = 1;
				GENERATE_INFOPLIST_FILE = YES;
				IPHONEOS_DEPLOYMENT_TARGET = 15.4;
				MARKETING_VERSION = 1.0;
				PRODUCT_BUNDLE_IDENTIFIER = stanford.torres.gustavo.WakeUpAlarmTests;
				PRODUCT_NAME = "$(TARGET_NAME)";
				SWIFT_EMIT_LOC_STRINGS = NO;
				SWIFT_VERSION = 5.0;
				TARGETED_DEVICE_FAMILY = "1,2";
				TEST_HOST = "$(BUILT_PRODUCTS_DIR)/WakeUpAlarm.app/WakeUpAlarm";
			};
			name = Release;
		};
		3F7D75D92824802B002D295E /* Debug */ = {
			isa = XCBuildConfiguration;
			buildSettings = {
				ALWAYS_EMBED_SWIFT_STANDARD_LIBRARIES = YES;
				CODE_SIGN_STYLE = Automatic;
				CURRENT_PROJECT_VERSION = 1;
				GENERATE_INFOPLIST_FILE = YES;
				MARKETING_VERSION = 1.0;
				PRODUCT_BUNDLE_IDENTIFIER = stanford.torres.gustavo.WakeUpAlarmUITests;
				PRODUCT_NAME = "$(TARGET_NAME)";
				SWIFT_EMIT_LOC_STRINGS = NO;
				SWIFT_VERSION = 5.0;
				TARGETED_DEVICE_FAMILY = "1,2";
				TEST_TARGET_NAME = WakeUpAlarm;
			};
			name = Debug;
		};
		3F7D75DA2824802B002D295E /* Release */ = {
			isa = XCBuildConfiguration;
			buildSettings = {
				ALWAYS_EMBED_SWIFT_STANDARD_LIBRARIES = YES;
				CODE_SIGN_STYLE = Automatic;
				CURRENT_PROJECT_VERSION = 1;
				GENERATE_INFOPLIST_FILE = YES;
				MARKETING_VERSION = 1.0;
				PRODUCT_BUNDLE_IDENTIFIER = stanford.torres.gustavo.WakeUpAlarmUITests;
				PRODUCT_NAME = "$(TARGET_NAME)";
				SWIFT_EMIT_LOC_STRINGS = NO;
				SWIFT_VERSION = 5.0;
				TARGETED_DEVICE_FAMILY = "1,2";
				TEST_TARGET_NAME = WakeUpAlarm;
			};
			name = Release;
		};
/* End XCBuildConfiguration section */

/* Begin XCConfigurationList section */
		3F7D75A92824802B002D295E /* Build configuration list for PBXProject "WakeUpAlarm" */ = {
			isa = XCConfigurationList;
			buildConfigurations = (
				3F7D75D02824802B002D295E /* Debug */,
				3F7D75D12824802B002D295E /* Release */,
			);
			defaultConfigurationIsVisible = 0;
			defaultConfigurationName = Release;
		};
		3F7D75D22824802B002D295E /* Build configuration list for PBXNativeTarget "WakeUpAlarm" */ = {
			isa = XCConfigurationList;
			buildConfigurations = (
				3F7D75D32824802B002D295E /* Debug */,
				3F7D75D42824802B002D295E /* Release */,
			);
			defaultConfigurationIsVisible = 0;
			defaultConfigurationName = Release;
		};
		3F7D75D52824802B002D295E /* Build configuration list for PBXNativeTarget "WakeUpAlarmTests" */ = {
			isa = XCConfigurationList;
			buildConfigurations = (
				3F7D75D62824802B002D295E /* Debug */,
				3F7D75D72824802B002D295E /* Release */,
			);
			defaultConfigurationIsVisible = 0;
			defaultConfigurationName = Release;
		};
		3F7D75D82824802B002D295E /* Build configuration list for PBXNativeTarget "WakeUpAlarmUITests" */ = {
			isa = XCConfigurationList;
			buildConfigurations = (
				3F7D75D92824802B002D295E /* Debug */,
				3F7D75DA2824802B002D295E /* Release */,
			);
			defaultConfigurationIsVisible = 0;
			defaultConfigurationName = Release;
		};
/* End XCConfigurationList section */
	};
	rootObject = 3F7D75A62824802B002D295E /* Project object */;
}
